{
    "_meta": {
        "hash": {
            "sha256": "5be75a066f51109fc50b855d679d8dd91082a178826bcdd88f21601e8f517732"
        },
        "pipfile-spec": 6,
        "requires": {
            "python_version": "3.12"
        },
        "sources": [
            {
                "name": "pypi",
                "url": "https://pypi.org/simple",
                "verify_ssl": true
            }
        ]
    },
    "default": {
        "psycopg2": {
            "hashes": [
                "sha256:121081ea2e76729acfb0673ff33755e8703d45e926e416cb59bae3a86c6a4981",
                "sha256:38a8dcc6856f569068b47de286b472b7c473ac7977243593a288ebce0dc89516",
                "sha256:426f9f29bde126913a20a96ff8ce7d73fd8a216cfb323b1f04da402d452853c3",
                "sha256:5e0d98cade4f0e0304d7d6f25bbfbc5bd186e07b38eac65379309c4ca3193efa",
                "sha256:7e2dacf8b009a1c1e843b5213a87f7c544b2b042476ed7755be813eaf4e8347a",
                "sha256:a7653d00b732afb6fc597e29c50ad28087dcb4fbfb28e86092277a559ae4e693",
                "sha256:ade01303ccf7ae12c356a5e10911c9e1c51136003a9a1d92f7aa9d010fb98372",
                "sha256:bac58c024c9922c23550af2a581998624d6e02350f4ae9c5f0bc642c633a2d5e",
                "sha256:c92811b2d4c9b6ea0285942b2e7cac98a59e166d59c588fe5cfe1eda58e72d59",
                "sha256:d1454bde93fb1e224166811694d600e746430c006fbb031ea06ecc2ea41bf156",
                "sha256:d735786acc7dd25815e89cc4ad529a43af779db2e25aa7c626de864127e5a024",
                "sha256:de80739447af31525feddeb8effd640782cf5998e1a4e9192ebdf829717e3913",
                "sha256:ff432630e510709564c01dafdbe996cb552e0b9f3f065eb89bdce5bd31fabf4c"
            ],
            "index": "pypi",
            "markers": "python_version >= '3.7'",
            "version": "==2.9.9"
        },
        "pymssql": {
            "hashes": [
                "sha256:001242cedc73587cbb10aec4069de50febbff3c4c50f9908a215476496b3beab",
                "sha256:070181361ab94bdaeb14b591a35d853f327bc90c660b04047d474274fbb80357",
                "sha256:09075e129655ab1178d2d60efb9b3fbf5cdb6da2338ecdb3a92c53a4ad7efa0c",
                "sha256:0bdd1fb49b0e331e47e83f39d4af784c857e230bfc73519654bab29285c51c63",
                "sha256:0c26af25991715431559cb5b37f243b8ff676540f504ed0317774dfc71827af1",
                "sha256:0dcd76a8cc757c7cfe2d235f232a20d74ac8cebf9feabcdcbda5ef33157d14b1",
                "sha256:139a833e6e72a624e4f2cde803a34a616d5661dd9a5b2ae0402d9d8a597b2f1f",
                "sha256:139c5032e0a2765764987803f1266132fcc5da572848ccc4d29cebba794a4260",
                "sha256:15257c7bd89c0283f70d6eaafd9b872201818572b8ba1e8576408ae23ef50c7c",
                "sha256:15815bf1ff9edb475ec4ef567f23e23c4e828ce119ff5bf98a072b66b8d0ac1b",
                "sha256:167313d91606dc7a3c05b2ad60491a138b7408a8779599ab6430a48a67f133f0",
                "sha256:1956c111debe67f69a9c839b33ce420f0e8def1ef5ff9831c03d8ac840f82376",
                "sha256:1a75afa17746972bb61120fb6ea907657fc1ab68250bbbd8b21a00d0720ed0f4",
                "sha256:1bc0ba19b4426c57509f065a03748d9ac230f1543ecdac57175e6ebd213a7bc0",
                "sha256:1d5aa1a090b17f4ba75ffac3bb371f6c8c869692b653689396f9b470fde06981",
                "sha256:1f7ba71cf81af65c005173f279928bf86700d295f97e4965e169b5764bc6c4f2",
                "sha256:2609bbd3b715822bb4fa6d457b2985d32ad6ab9580fdb61ae6e0eee251791d24",
                "sha256:287c8f79a7eca0c6787405797bac0f7c502d9be151f3f823aae12042235f8426",
                "sha256:2b621c5e32136dabc2fea25696beab0647ec336d25c04ab6d8eb8c8ee92f0e52",
                "sha256:34ab2373ca607174ad7244cfe955c07b6bc77a1e21d3c3143dbe934dec82c3a4",
                "sha256:410e8c40b7c1b421e750cf80ccf2da8d802ed815575758ac9a78c5f6cd995723",
                "sha256:428e32e53c554798bc2d0682a169fcb681df6b68544c4aedd1186018ea7e0447",
                "sha256:452b88a4ceca7efb934b5babb365851a3c52e723642092ebc92777397c2cacdb",
                "sha256:4551f50c8a3b6ffbd71f794ee1c0c0134134c5d6414302c2fa28b67fe4470d07",
                "sha256:492e49616b58b2d6caf4a2598cb344572870171a7b65ba1ac61a5e248b6a8e1c",
                "sha256:4eeaacc1dbbc678f4e80c6fd6fc279468021fdf2e486adc8631ec0de6b6c0e62",
                "sha256:5928324a09de7466368c15ece1de4ab5ea968d24943ceade758836f9fc7149f5",
                "sha256:5b081aa7b02911e3f299f7d1f68ce8ca585a5119d44601bf4483da0aae8c2181",
                "sha256:6452326cecd4dcee359a6f8878b827118a8c8523cd24de5b3a971a7a172e4275",
                "sha256:658c85474ea01ca3a30de769df06f46681e882524b05c6994cd6fd985c485f27",
                "sha256:65bb674c0ba35379bf93d1b2cf06fdc5e7ec56e1d0e9de525bdcf977190b2865",
                "sha256:692ab328ac290bd2031bc4dd6deae32665dfffda1b12aaa92928d3ebc667d5ad",
                "sha256:6ddaf0597138179517bdbf5b5aa3caffee65987316dc906359a5d0801d0847ee",
                "sha256:723a4612421027a01b51e42e786678a18c4a27613a3ccecf331c026e0cc41353",
                "sha256:7332db36a537cbc16640a0c3473a2e419aa5bc1f9953cada3212e7b2587de658",
                "sha256:7bac28aed1d625a002e0289e0c18d1808cecbdc12e2a1a3927dbbaff66e5fff3",
                "sha256:803122aec31fbd52f5d65ef3b30b3bd2dc7b2a9e3a8223d16078a25805155c45",
                "sha256:84aff3235ad1289c4079c548cfcdf7eaaf2475b9f81557351deb42e8f45a9c2d",
                "sha256:85ea4ea296afcae34bc61e4e0ef2f503270fd4bb097b308a07a9194f1f063aa1",
                "sha256:8d418f4dca245421242ed9df59d3bcda0cd081650df6deb1bef7f157b6a6f9dd",
                "sha256:984d99ee6a2579f86c536b1b0354ad3dc9701e98a4b3953f1301b4695477cd2f",
                "sha256:9a644e4158fed30ae9f3846f2f1c74d36fa1610eb552de35b7f611d063fa3c85",
                "sha256:a0ebb0e40c93f8f1e40aad80f512ae4aa89cb1ec8a96964b9afedcff1d5813fd",
                "sha256:a114633fa02b7eb5bc63520bf07954106c0ed0ce032449c871abb8b8c435a872",
                "sha256:a5308507c2c4e94ede7e5b164870c1ba2be55abab6daf795b5529e2da4e838b6",
                "sha256:ae9818df40588d5a49e7476f05e31cc83dea630d607178d66762ca8cf32e9f77",
                "sha256:aec64022a2419fad9f496f8e310522635e39d092970e1d55375ea0be86725174",
                "sha256:b4a8377527702d746c490c2ce67d17f1c351d182b49b82fae6e67ae206bf9663",
                "sha256:b78032e45ea33c55d430b93e55370b900479ea324fae5d5d32486cc0fdc0fedd",
                "sha256:bdca43c42d5f370358535b2107140ed550d74f9ef0fc95d2d7fa8c4e40ee48c2",
                "sha256:c1bde266dbc91b100abd0311102a6585df09cc963599421cc12fd6b4cfa8e3d3",
                "sha256:c382aea9adaaee189f352d7a493e3f76c13f9337ec2b6aa40e76b114fa13ebac",
                "sha256:c389c8041c94d4058827faf5735df5f8e4c1c1eebdd051859536dc393925a667",
                "sha256:c8b35b3d5e326729e5edb73d593103d2dbfb474bd36ee95b4e85e1f8271ba98a",
                "sha256:cd7292d872948c1f67c8cc12158f2c8ed9873d54368139ce1f67b2262ac34029",
                "sha256:d2ae69d8e46637a203cfb48e05439fc9e2ff7646fa1f5396aa3577ce52810031",
                "sha256:d315f08c106c884d6b42f70c9518e765a5bc23f6d3a587346bc4e6f198768c7a",
                "sha256:d7234b0f61dd9ccb2304171b5fd7ed9db133b4ea7c835c9942c9dc5bfc00c1cb",
                "sha256:da492482b923b9cc9ad37f0f5592c776279299db2a89c0b7fc931aaefec652d4",
                "sha256:e0ed115902956efaca9d9a20fa9b2b604e3e11d640416ca74900d215cdcbf3ab",
                "sha256:e57fbfad252434d64bdf4b6a935e4241616a4cf8df7af58b9772cd91fce9309a",
                "sha256:e8d9d42a50f6e8e6b356e4e8b2fa1da725344ec0be6f8a6107b7196e5bd74906",
                "sha256:ee8b10f797d0bfec626b803891cf9e98480ee11f2e8459a7616cdb7e4e4bf2de",
                "sha256:f0c44169df8d23c7ce172bd90ef5deb44caf19f15990e4db266e3193071988a4",
                "sha256:f13710240457ace5b8c9cca7f4971504656f5703b702895a86386e87c7103801",
                "sha256:fa1767239ed45e1fa91d82fc0c63305750530787cd64089cabbe183eb538a35b",
                "sha256:fbca115e11685b5891755cc22b3db4348071b8d100a41e1ce93526d9c3dbf2d5",
                "sha256:fe0cc975aac87b364fdb55cb89642435c3e859dcd99d7260f48af94111ba2673"
            ],
            "index": "pypi",
            "version": "==2.2.11"
        },
        "python-sql": {
            "hashes": [
                "sha256:0c3feaf1ecf911a339903f8ac56eb8d125cfbc8ce1734d0fefc7b370322b8cb8",
                "sha256:6260beff835a35d3a0aec4f1da351b0be9caa1a0d94a6cba940a7cd8dcf66269"
            ],
            "index": "pypi",
            "markers": "python_version >= '3.5'",
            "version": "==1.4.3"
        }
    },
    "develop": {}
}
